
Microsoft Visual Studio Solution File, Format Version 12.00
# Visual Studio Version 17
VisualStudioVersion = 17.0.32014.148
MinimumVisualStudioVersion = 10.0.40219.1
Project("{FAE04EC0-301F-11D3-BF4B-00C04F79EFBC}") = "ProjetoTabuada", "ProjetoTabuada.csproj", "{6127F364-2727-4EF1-8067-C8E839A2F822}"
EndProject
Global
	GlobalSection(SolutionConfigurationPlatforms) = preSolution
		Debug|Any CPU = Debug|Any CPU
		Release|Any CPU = Release|Any CPU
	EndGlobalSection
	GlobalSection(ProjectConfigurationPlatforms) = postSolution
		{6127F364-2727-4EF1-8067-C8E839A2F822}.Debug|Any CPU.ActiveCfg = Debug|Any CPU
		{6127F364-2727-4EF1-8067-C8E839A2F822}.Debug|Any CPU.Build.0 = Debug|Any CPU
		{6127F364-2727-4EF1-8067-C8E839A2F822}.Release|Any CPU.ActiveCfg = Release|Any CPU
		{6127F364-2727-4EF1-8067-C8E839A2F822}.Release|Any CPU.Build.0 = Release|Any CPU
	EndGlobalSection
	GlobalSection(SolutionProperties) = preSolution
		HideSolutionNode = FALSE
	EndGlobalSection
	GlobalSection(ExtensibilityGlobals) = postSolution
		SolutionGuid = {474A4060-2EF8-4A42-8EC0-AE01D61144D5}
	EndGlobalSection
EndGlobal
